// !$*UTF8*$!
{
	archiveVersion = 1;
	classes = {
	};
	objectVersion = 46;
	objects = {

/* Begin PBXBuildFile section */
		881637871D11A29A000B3649 /* main.m in Sources */ = {isa = PBXBuildFile; fileRef = 881637861D11A29A000B3649 /* main.m */; };
		8816378A1D11A29A000B3649 /* AppDelegate.m in Sources */ = {isa = PBXBuildFile; fileRef = 881637891D11A29A000B3649 /* AppDelegate.m */; };
		8816378D1D11A29A000B3649 /* ViewController.m in Sources */ = {isa = PBXBuildFile; fileRef = 8816378C1D11A29A000B3649 /* ViewController.m */; };
		881637901D11A29A000B3649 /* Main.storyboard in Resources */ = {isa = PBXBuildFile; fileRef = 8816378E1D11A29A000B3649 /* Main.storyboard */; };
		881637921D11A29A000B3649 /* Assets.xcassets in Resources */ = {isa = PBXBuildFile; fileRef = 881637911D11A29A000B3649 /* Assets.xcassets */; };
		881637951D11A29A000B3649 /* LaunchScreen.storyboard in Resources */ = {isa = PBXBuildFile; fileRef = 881637931D11A29A000B3649 /* LaunchScreen.storyboard */; };
/* End PBXBuildFile section */

/* Begin PBXFileReference section */
		881637821D11A29A000B3649 /* CreatingSague.app */ = {isa = PBXFileReference; explicitFileType = wrapper.application; includeInIndex = 0; path = CreatingSague.app; sourceTree = BUILT_PRODUCTS_DIR; };
		881637861D11A29A000B3649 /* main.m */ = {isa = PBXFileReference; lastKnownFileType = sourcecode.c.objc; path = main.m; sourceTree = "<group>"; };
		881637881D11A29A000B3649 /* AppDelegate.h */ = {isa = PBXFileReference; lastKnownFileType = sourcecode.c.h; path = AppDelegate.h; sourceTree = "<group>"; };
		881637891D11A29A000B3649 /* AppDelegate.m */ = {isa = PBXFileReference; lastKnownFileType = sourcecode.c.objc; path = AppDelegate.m; sourceTree = "<group>"; };
		8816378B1D11A29A000B3649 /* ViewController.h */ = {isa = PBXFileReference; lastKnownFileType = sourcecode.c.h; path = ViewController.h; sourceTree = "<group>"; };
		8816378C1D11A29A000B3649 /* ViewController.m */ = {isa = PBXFileReference; lastKnownFileType = sourcecode.c.objc; path = ViewController.m; sourceTree = "<group>"; };
		8816378F1D11A29A000B3649 /* Base */ = {isa = PBXFileReference; lastKnownFileType = file.storyboard; name = Base; path = Base.lproj/Main.storyboard; sourceTree = "<group>"; };
		881637911D11A29A000B3649 /* Assets.xcassets */ = {isa = PBXFileReference; lastKnownFileType = folder.assetcatalog; path = Assets.xcassets; sourceTree = "<group>"; };
		881637941D11A29A000B3649 /* Base */ = {isa = PBXFileReference; lastKnownFileType = file.storyboard; name = Base; path = Base.lproj/LaunchScreen.storyboard; sourceTree = "<group>"; };
		881637961D11A29A000B3649 /* Info.plist */ = {isa = PBXFileReference; lastKnownFileType = text.plist.xml; path = Info.plist; sourceTree = "<group>"; };
/* End PBXFileReference section */

/* Begin PBXFrameworksBuildPhase section */
		8816377F1D11A29A000B3649 /* Frameworks */ = {
			isa = PBXFrameworksBuildPhase;
			buildActionMask = 2147483647;
			files = (
			);
			runOnlyForDeploymentPostprocessing = 0;
		};
/* End PBXFrameworksBuildPhase section */

/* Begin PBXGroup section */
		881637791D11A29A000B3649 = {
			isa = PBXGroup;
			children = (
				881637841D11A29A000B3649 /* CreatingSague */,
				881637831D11A29A000B3649 /* Products */,
			);
			sourceTree = "<group>";
		};
		881637831D11A29A000B3649 /* Products */ = {
			isa = PBXGroup;
			children = (
				881637821D11A29A000B3649 /* CreatingSague.app */,
			);
			name = Products;
			sourceTree = "<group>";
		};
		881637841D11A29A000B3649 /* CreatingSague */ = {
			isa = PBXGroup;
			children = (
				881637881D11A29A000B3649 /* AppDelegate.h */,
				881637891D11A29A000B3649 /* AppDelegate.m */,
				8816378B1D11A29A000B3649 /* ViewController.h */,
				8816378C1D11A29A000B3649 /* ViewController.m */,
				8816378E1D11A29A000B3649 /* Main.storyboard */,
				881637911D11A29A000B3649 /* Assets.xcassets */,
				881637931D11A29A000B3649 /* LaunchScreen.storyboard */,
				881637961D11A29A000B3649 /* Info.plist */,
				881637851D11A29A000B3649 /* Supporting Files */,
			);
			path = CreatingSague;
			sourceTree = "<group>";
		};
		881637851D11A29A000B3649 /* Supporting Files */ = {
			isa = PBXGroup;
			children = (
				881637861D11A29A000B3649 /* main.m */,
			);
			name = "Supporting Files";
			sourceTree = "<group>";
		};
/* End PBXGroup section */

/* Begin PBXNativeTarget section */
		881637811D11A29A000B3649 /* CreatingSague */ = {
			isa = PBXNativeTarget;
			buildConfigurationList = 881637991D11A29A000B3649 /* Build configuration list for PBXNativeTarget "CreatingSague" */;
			buildPhases = (
				8816377E1D11A29A000B3649 /* Sources */,
				8816377F1D11A29A000B3649 /* Frameworks */,
				881637801D11A29A000B3649 /* Resources */,
			);
			buildRules = (
			);
			dependencies = (
			);
			name = CreatingSague;
			productName = CreatingSague;
			productReference = 881637821D11A29A000B3649 /* CreatingSague.app */;
			productType = "com.apple.product-type.application";
		};
/* End PBXNativeTarget section */

/* Begin PBXProject section */
		8816377A1D11A29A000B3649 /* Project object */ = {
			isa = PBXProject;
			attributes = {
				LastUpgradeCheck = 0730;
				ORGANIZATIONNAME = prashanthsirikonda;
				TargetAttributes = {
					881637811D11A29A000B3649 = {
						CreatedOnToolsVersion = 7.3.1;
					};
				};
			};
			buildConfigurationList = 8816377D1D11A29A000B3649 /* Build configuration list for PBXProject "CreatingSague" */;
			compatibilityVersion = "Xcode 3.2";
			developmentRegion = English;
			hasScannedForEncodings = 0;
			knownRegions = (
				en,
				Base,
			);
			mainGroup = 881637791D11A29A000B3649;
			productRefGroup = 881637831D11A29A000B3649 /* Products */;
			projectDirPath = "";
			projectRoot = "";
			targets = (
				881637811D11A29A000B3649 /* CreatingSague */,
			);
		};
/* End PBXProject section */

/* Begin PBXResourcesBuildPhase section */
		881637801D11A29A000B3649 /* Resources */ = {
			isa = PBXResourcesBuildPhase;
			buildActionMask = 2147483647;
			files = (
				881637951D11A29A000B3649 /* LaunchScreen.storyboard in Resources */,
				881637921D11A29A000B3649 /* Assets.xcassets in Resources */,
				881637901D11A29A000B3649 /* Main.storyboard in Resources */,
			);
			runOnlyForDeploymentPostprocessing = 0;
		};
/* End PBXResourcesBuildPhase section */

/* Begin PBXSourcesBuildPhase section */
		8816377E1D11A29A000B3649 /* Sources */ = {
			isa = PBXSourcesBuildPhase;
			buildActionMask = 2147483647;
			files = (
				8816378D1D11A29A000B3649 /* ViewController.m in Sources */,
				8816378A1D11A29A000B3649 /* AppDelegate.m in Sources */,
				881637871D11A29A000B3649 /* main.m in Sources */,
			);
			runOnlyForDeploymentPostprocessing = 0;
		};
/* End PBXSourcesBuildPhase section */

/* Begin PBXVariantGroup section */
		8816378E1D11A29A000B3649 /* Main.storyboard */ = {
			isa = PBXVariantGroup;
			children = (
				8816378F1D11A29A000B3649 /* Base */,
			);
			name = Main.storyboard;
			sourceTree = "<group>";
		};
		881637931D11A29A000B3649 /* LaunchScreen.storyboard */ = {
			isa = PBXVariantGroup;
			children = (
				881637941D11A29A000B3649 /* Base */,
			);
			name = LaunchScreen.storyboard;
			sourceTree = "<group>";
		};
/* End PBXVariantGroup section */

/* Begin XCBuildConfiguration section */
		881637971D11A29A000B3649 /* Debug */ = {
			isa = XCBuildConfiguration;
			buildSettings = {
				ALWAYS_SEARCH_USER_PATHS = NO;
				CLANG_ANALYZER_NONNULL = YES;
				CLANG_CXX_LANGUAGE_STANDARD = "gnu++0x";
				CLANG_CXX_LIBRARY = "libc++";
				CLANG_ENABLE_MODULES = YES;
				CLANG_ENABLE_OBJC_ARC = YES;
				CLANG_WARN_BOOL_CONVERSION = YES;
				CLANG_WARN_CONSTANT_CONVERSION = YES;
				CLANG_WARN_DIRECT_OBJC_ISA_USAGE = YES_ERROR;
				CLANG_WARN_EMPTY_BODY = YES;
				CLANG_WARN_ENUM_CONVERSION = YES;
				CLANG_WARN_INT_CONVERSION = YES;
				CLANG_WARN_OBJC_ROOT_CLASS = YES_ERROR;
				CLANG_WARN_UNREACHABLE_CODE = YES;
				CLANG_WARN__DUPLICATE_METHOD_MATCH = YES;
				"CODE_SIGN_IDENTITY[sdk=iphoneos*]" = "iPhone Developer";
				COPY_PHASE_STRIP = NO;
				DEBUG_INFORMATION_FORMAT = dwarf;
				ENABLE_STRICT_OBJC_MSGSEND = YES;
				ENABLE_TESTABILITY = YES;
				GCC_C_LANGUAGE_STANDARD = gnu99;
				GCC_DYNAMIC_NO_PIC = NO;
				GCC_NO_COMMON_BLOCKS = YES;
				GCC_OPTIMIZATION_LEVEL = 0;
				GCC_PREPROCESSOR_DEFINITIONS = (
					"DEBUG=1",
					"$(inherited)",
				);
				GCC_WARN_64_TO_32_BIT_CONVERSION = YES;
				GCC_WARN_ABOUT_RETURN_TYPE = YES_ERROR;
				GCC_WARN_UNDECLARED_SELECTOR = YES;
				GCC_WARN_UNINITIALIZED_AUTOS = YES_AGGRESSIVE;
				GCC_WARN_UNUSED_FUNCTION = YES;
				GCC_WARN_UNUSED_VARIABLE = YES;
				IPHONEOS_DEPLOYMENT_TARGET = 9.3;
				MTL_ENABLE_DEBUG_INFO = YES;
				ONLY_ACTIVE_ARCH = YES;
				SDKROOT = iphoneos;
			};
			name = Debug;
		};
		881637981D11A29A000B3649 /* Release */ = {
			isa = XCBuildConfiguration;
			buildSettings = {
				ALWAYS_SEARCH_USER_PATHS = NO;
				CLANG_ANALYZER_NONNULL = YES;
				CLANG_CXX_LANGUAGE_STANDARD = "gnu++0x";
				CLANG_CXX_LIBRARY = "libc++";
				CLANG_ENABLE_MODULES = YES;
				CLANG_ENABLE_OBJC_ARC = YES;
				CLANG_WARN_BOOL_CONVERSION = YES;
				CLANG_WARN_CONSTANT_CONVERSION = YES;
				CLANG_WARN_DIRECT_OBJC_ISA_USAGE = YES_ERROR;
				CLANG_WARN_EMPTY_BODY = YES;
				CLANG_WARN_ENUM_CONVERSION = YES;
				CLANG_WARN_INT_CONVERSION = YES;
				CLANG_WARN_OBJC_ROOT_CLASS = YES_ERROR;
				CLANG_WARN_UNREACHABLE_CODE = YES;
				CLANG_WARN__DUPLICATE_METHOD_MATCH = YES;
				"CODE_SIGN_IDENTITY[sdk=iphoneos*]" = "iPhone Developer";
				COPY_PHASE_STRIP = NO;
				DEBUG_INFORMATION_FORMAT = "dwarf-with-dsym";
				ENABLE_NS_ASSERTIONS = NO;
				ENABLE_STRICT_OBJC_MSGSEND = YES;
				GCC_C_LANGUAGE_STANDARD = gnu99;
				GCC_NO_COMMON_BLOCKS = YES;
				GCC_WARN_64_TO_32_BIT_CONVERSION = YES;
				GCC_WARN_ABOUT_RETURN_TYPE = YES_ERROR;
				GCC_WARN_UNDECLARED_SELECTOR = YES;
				GCC_WARN_UNINITIALIZED_AUTOS = YES_AGGRESSIVE;
				GCC_WARN_UNUSED_FUNCTION = YES;
				GCC_WARN_UNUSED_VARIABLE = YES;
				IPHONEOS_DEPLOYMENT_TARGET = 9.3;
				MTL_ENABLE_DEBUG_INFO = NO;
				SDKROOT = iphoneos;
				VALIDATE_PRODUCT = YES;
			};
			name = Release;
		};
		8816379A1D11A29A000B3649 /* Debug */ = {
			isa = XCBuildConfiguration;
			buildSettings = {
				ASSETCATALOG_COMPILER_APPICON_NAME = AppIcon;
				INFOPLIST_FILE = CreatingSague/Info.plist;
				LD_RUNPATH_SEARCH_PATHS = "$(inherited) @executable_path/Frameworks";
				PRODUCT_BUNDLE_IDENTIFIER = com.CustomTableview.CreatingSague;
				PRODUCT_NAME = "$(TARGET_NAME)";
			};
			name = Debug;
		};
		8816379B1D11A29A000B3649 /* Release */ = {
			isa = XCBuildConfiguration;
			buildSettings = {
				ASSETCATALOG_COMPILER_APPICON_NAME = AppIcon;
				INFOPLIST_FILE = CreatingSague/Info.plist;
				LD_RUNPATH_SEARCH_PATHS = "$(inherited) @executable_path/Frameworks";
				PRODUCT_BUNDLE_IDENTIFIER = com.CustomTableview.CreatingSague;
				PRODUCT_NAME = "$(TARGET_NAME)";
			};
			name = Release;
		};
/* End XCBuildConfiguration section */

/* Begin XCConfigurationList section */
		8816377D1D11A29A000B3649 /* Build configuration list for PBXProject "CreatingSague" */ = {
			isa = XCConfigurationList;
			buildConfigurations = (
				881637971D11A29A000B3649 /* Debug */,
				881637981D11A29A000B3649 /* Release */,
			);
			defaultConfigurationIsVisible = 0;
			defaultConfigurationName = Release;
		};
		881637991D11A29A000B3649 /* Build configuration list for PBXNativeTarget "CreatingSague" */ = {
			isa = XCConfigurationList;
			buildConfigurations = (
				8816379A1D11A29A000B3649 /* Debug */,
				8816379B1D11A29A000B3649 /* Release */,
			);
			defaultConfigurationIsVisible = 0;
		};
/* End XCConfigurationList section */
	};
	rootObject = 8816377A1D11A29A000B3649 /* Project object */;
}
